
Microsoft Visual Studio Solution File, Format Version 12.00
# Visual Studio Version 16
VisualStudioVersion = 16.0.30413.136
MinimumVisualStudioVersion = 10.0.40219.1
Project("{E24C65DC-7377-472B-9ABA-BC803B73C61A}") = "E-Shopping website", ".", "{D0A46DA3-D27B-4A47-B4B5-2AC0EED0A6E3}"
	ProjectSection(WebsiteProperties) = preProject
		TargetFrameworkMoniker = ".NETFramework,Version%3Dv4.5.2"
		Debug.AspNetCompiler.VirtualPath = "/localhost_65041"
		Debug.AspNetCompiler.PhysicalPath = "..\E-Shopping website\"
		Debug.AspNetCompiler.TargetPath = "PrecompiledWeb\localhost_65041\"
		Debug.AspNetCompiler.Updateable = "true"
		Debug.AspNetCompiler.ForceOverwrite = "true"
		Debug.AspNetCompiler.FixedNames = "false"
		Debug.AspNetCompiler.Debug = "True"
		Release.AspNetCompiler.VirtualPath = "/localhost_65041"
		Release.AspNetCompiler.PhysicalPath = "..\E-Shopping website\"
		Release.AspNetCompiler.TargetPath = "PrecompiledWeb\localhost_65041\"
		Release.AspNetCompiler.Updateable = "true"
		Release.AspNetCompiler.ForceOverwrite = "true"
		Release.AspNetCompiler.FixedNames = "false"
		Release.AspNetCompiler.Debug = "False"
		VWDPort = "65041"
		SlnRelativePath = "..\E-Shopping website\"
		DefaultWebSiteLanguage = "Visual C#"
	EndProjectSection
EndProject
Global
	GlobalSection(SolutionConfigurationPlatforms) = preSolution
		Debug|Any CPU = Debug|Any CPU
	EndGlobalSection
	GlobalSection(ProjectConfigurationPlatforms) = postSolution
		{D0A46DA3-D27B-4A47-B4B5-2AC0EED0A6E3}.Debug|Any CPU.ActiveCfg = Debug|Any CPU
		{D0A46DA3-D27B-4A47-B4B5-2AC0EED0A6E3}.Debug|Any CPU.Build.0 = Debug|Any CPU
	EndGlobalSection
	GlobalSection(SolutionProperties) = preSolution
		HideSolutionNode = FALSE
	EndGlobalSection
	GlobalSection(ExtensibilityGlobals) = postSolution
		SolutionGuid = {E8C4C936-85E0-4583-92EB-2CAE330A1CE1}
	EndGlobalSection
EndGlobal
